
Microsoft Visual Studio Solution File, Format Version 12.00
# Visual Studio 15
VisualStudioVersion = 15.0.28307.271
MinimumVisualStudioVersion = 10.0.40219.1
Project("{FAE04EC0-301F-11D3-BF4B-00C04F79EFBC}") = "NCBlog", "NCBlog\NCBlog.csproj", "{ED125DF6-EFA2-4D75-9977-8136EFD0EE4B}"
EndProject
Project("{FAE04EC0-301F-11D3-BF4B-00C04F79EFBC}") = "NCBlog.Api", "NCBlog.Api\NCBlog.Api.csproj", "{E6C49345-76FD-4E3C-91F6-8561AED8079F}"
EndProject
Project("{FAE04EC0-301F-11D3-BF4B-00C04F79EFBC}") = "NCBlog.Model", "NCBlog.Model\NCBlog.Model.csproj", "{2064EB2B-009A-4F5E-BBB6-E108BABF25C1}"
EndProject
Project("{FAE04EC0-301F-11D3-BF4B-00C04F79EFBC}") = "NCBlog.Repository", "NCBlog.Repository\NCBlog.Repository.csproj", "{637E55B1-D741-4DAC-98D7-DC406927FD93}"
EndProject
Global
	GlobalSection(SolutionConfigurationPlatforms) = preSolution
		Debug|Any CPU = Debug|Any CPU
		Release|Any CPU = Release|Any CPU
	EndGlobalSection
	GlobalSection(ProjectConfigurationPlatforms) = postSolution
		{ED125DF6-EFA2-4D75-9977-8136EFD0EE4B}.Debug|Any CPU.ActiveCfg = Debug|Any CPU
		{ED125DF6-EFA2-4D75-9977-8136EFD0EE4B}.Debug|Any CPU.Build.0 = Debug|Any CPU
		{ED125DF6-EFA2-4D75-9977-8136EFD0EE4B}.Release|Any CPU.ActiveCfg = Release|Any CPU
		{ED125DF6-EFA2-4D75-9977-8136EFD0EE4B}.Release|Any CPU.Build.0 = Release|Any CPU
		{E6C49345-76FD-4E3C-91F6-8561AED8079F}.Debug|Any CPU.ActiveCfg = Debug|Any CPU
		{E6C49345-76FD-4E3C-91F6-8561AED8079F}.Debug|Any CPU.Build.0 = Debug|Any CPU
		{E6C49345-76FD-4E3C-91F6-8561AED8079F}.Release|Any CPU.ActiveCfg = Release|Any CPU
		{E6C49345-76FD-4E3C-91F6-8561AED8079F}.Release|Any CPU.Build.0 = Release|Any CPU
		{2064EB2B-009A-4F5E-BBB6-E108BABF25C1}.Debug|Any CPU.ActiveCfg = Debug|Any CPU
		{2064EB2B-009A-4F5E-BBB6-E108BABF25C1}.Debug|Any CPU.Build.0 = Debug|Any CPU
		{2064EB2B-009A-4F5E-BBB6-E108BABF25C1}.Release|Any CPU.ActiveCfg = Release|Any CPU
		{2064EB2B-009A-4F5E-BBB6-E108BABF25C1}.Release|Any CPU.Build.0 = Release|Any CPU
		{637E55B1-D741-4DAC-98D7-DC406927FD93}.Debug|Any CPU.ActiveCfg = Debug|Any CPU
		{637E55B1-D741-4DAC-98D7-DC406927FD93}.Debug|Any CPU.Build.0 = Debug|Any CPU
		{637E55B1-D741-4DAC-98D7-DC406927FD93}.Release|Any CPU.ActiveCfg = Release|Any CPU
		{637E55B1-D741-4DAC-98D7-DC406927FD93}.Release|Any CPU.Build.0 = Release|Any CPU
	EndGlobalSection
	GlobalSection(SolutionProperties) = preSolution
		HideSolutionNode = FALSE
	EndGlobalSection
	GlobalSection(ExtensibilityGlobals) = postSolution
		SolutionGuid = {6FBA62CA-5DC9-48CB-8240-0AA108EFBA74}
	EndGlobalSection
EndGlobal
